// !$*UTF8*$!
{
	archiveVersion = 1;
	classes = {
	};
	objectVersion = 50;
	objects = {

/* Begin PBXBuildFile section */
		621C5C1C2680861B00DCDB2C /* TranslationView.swift in Sources */ = {isa = PBXBuildFile; fileRef = 621C5C1B2680861B00DCDB2C /* TranslationView.swift */; };
		621C5C1E2680864800DCDB2C /* TranslationViewModel.swift in Sources */ = {isa = PBXBuildFile; fileRef = 621C5C1D2680864800DCDB2C /* TranslationViewModel.swift */; };
		621C5C202680866700DCDB2C /* Translation.swift in Sources */ = {isa = PBXBuildFile; fileRef = 621C5C1F2680866700DCDB2C /* Translation.swift */; };
		621C5C2226808BD900DCDB2C /* WeatherView.swift in Sources */ = {isa = PBXBuildFile; fileRef = 621C5C2126808BD900DCDB2C /* WeatherView.swift */; };
		621C5C2426808BF800DCDB2C /* WeatherBlock.swift in Sources */ = {isa = PBXBuildFile; fileRef = 621C5C2326808BF800DCDB2C /* WeatherBlock.swift */; };
		621C5C2626808C1800DCDB2C /* Weather.swift in Sources */ = {isa = PBXBuildFile; fileRef = 621C5C2526808C1800DCDB2C /* Weather.swift */; };
		621C5C2826808CB500DCDB2C /* WeatherViewModel.swift in Sources */ = {isa = PBXBuildFile; fileRef = 621C5C2726808CB500DCDB2C /* WeatherViewModel.swift */; };
		621C5C2A268090DB00DCDB2C /* Color.swift in Sources */ = {isa = PBXBuildFile; fileRef = 621C5C29268090DB00DCDB2C /* Color.swift */; };
		621C5C2D2680913800DCDB2C /* HideKeyboard.swift in Sources */ = {isa = PBXBuildFile; fileRef = 621C5C2C2680913800DCDB2C /* HideKeyboard.swift */; };
		626AEB37267FA1CC0034C88C /* Baluchon2App.swift in Sources */ = {isa = PBXBuildFile; fileRef = 626AEB36267FA1CC0034C88C /* Baluchon2App.swift */; };
		626AEB3B267FA1CE0034C88C /* Assets.xcassets in Resources */ = {isa = PBXBuildFile; fileRef = 626AEB3A267FA1CE0034C88C /* Assets.xcassets */; };
		626AEB3E267FA1CE0034C88C /* Preview Assets.xcassets in Resources */ = {isa = PBXBuildFile; fileRef = 626AEB3D267FA1CE0034C88C /* Preview Assets.xcassets */; };
		626AEB68267FA2250034C88C /* DestinationView.swift in Sources */ = {isa = PBXBuildFile; fileRef = 626AEB67267FA2250034C88C /* DestinationView.swift */; };
		626AEB6A267FA2870034C88C /* Destination.swift in Sources */ = {isa = PBXBuildFile; fileRef = 626AEB69267FA2870034C88C /* Destination.swift */; };
		626AEB6D267FA2CA0034C88C /* Currency.swift in Sources */ = {isa = PBXBuildFile; fileRef = 626AEB6C267FA2CA0034C88C /* Currency.swift */; };
		626AEB70267FA3E60034C88C /* CurrencyView.swift in Sources */ = {isa = PBXBuildFile; fileRef = 626AEB6F267FA3E60034C88C /* CurrencyView.swift */; };
		626AEB72267FA4090034C88C /* CurrencyViewModel.swift in Sources */ = {isa = PBXBuildFile; fileRef = 626AEB71267FA4090034C88C /* CurrencyViewModel.swift */; };
		626AEB74267FA45B0034C88C /* APIKeys.swift in Sources */ = {isa = PBXBuildFile; fileRef = 626AEB73267FA45B0034C88C /* APIKeys.swift */; };
/* End PBXBuildFile section */

/* Begin PBXContainerItemProxy section */
		626AEB4A267FA1CE0034C88C /* PBXContainerItemProxy */ = {
			isa = PBXContainerItemProxy;
			containerPortal = 626AEB2B267FA1CC0034C88C /* Project object */;
			proxyType = 1;
			remoteGlobalIDString = 626AEB32267FA1CC0034C88C;
			remoteInfo = Baluchon2;
		};
		626AEB55267FA1CE0034C88C /* PBXContainerItemProxy */ = {
			isa = PBXContainerItemProxy;
			containerPortal = 626AEB2B267FA1CC0034C88C /* Project object */;
			proxyType = 1;
			remoteGlobalIDString = 626AEB32267FA1CC0034C88C;
			remoteInfo = Baluchon2;
		};
/* End PBXContainerItemProxy section */

/* Begin PBXFileReference section */
		621C5C1B2680861B00DCDB2C /* TranslationView.swift */ = {isa = PBXFileReference; lastKnownFileType = sourcecode.swift; name = TranslationView.swift; path = Baluchon2/TranslationView.swift; sourceTree = SOURCE_ROOT; };
		621C5C1D2680864800DCDB2C /* TranslationViewModel.swift */ = {isa = PBXFileReference; lastKnownFileType = sourcecode.swift; name = TranslationViewModel.swift; path = Baluchon2/Views/TranslationViewModel.swift; sourceTree = SOURCE_ROOT; };
		621C5C1F2680866700DCDB2C /* Translation.swift */ = {isa = PBXFileReference; lastKnownFileType = sourcecode.swift; name = Translation.swift; path = Baluchon2/ViewModels/Translation.swift; sourceTree = SOURCE_ROOT; };
		621C5C2126808BD900DCDB2C /* WeatherView.swift */ = {isa = PBXFileReference; lastKnownFileType = sourcecode.swift; name = WeatherView.swift; path = Baluchon2/WeatherView.swift; sourceTree = SOURCE_ROOT; };
		621C5C2326808BF800DCDB2C /* WeatherBlock.swift */ = {isa = PBXFileReference; lastKnownFileType = sourcecode.swift; path = WeatherBlock.swift; sourceTree = "<group>"; };
		621C5C2526808C1800DCDB2C /* Weather.swift */ = {isa = PBXFileReference; lastKnownFileType = sourcecode.swift; name = Weather.swift; path = Baluchon2/Views/Weather.swift; sourceTree = SOURCE_ROOT; };
		621C5C2726808CB500DCDB2C /* WeatherViewModel.swift */ = {isa = PBXFileReference; lastKnownFileType = sourcecode.swift; name = WeatherViewModel.swift; path = Baluchon2/DataModels/WeatherViewModel.swift; sourceTree = SOURCE_ROOT; };
		621C5C29268090DB00DCDB2C /* Color.swift */ = {isa = PBXFileReference; lastKnownFileType = sourcecode.swift; path = Color.swift; sourceTree = "<group>"; };
		621C5C2C2680913800DCDB2C /* HideKeyboard.swift */ = {isa = PBXFileReference; lastKnownFileType = sourcecode.swift; name = HideKeyboard.swift; path = Baluchon2/DataModels/HideKeyboard.swift; sourceTree = SOURCE_ROOT; };
		626AEB33267FA1CC0034C88C /* Baluchon2.app */ = {isa = PBXFileReference; explicitFileType = wrapper.application; includeInIndex = 0; path = Baluchon2.app; sourceTree = BUILT_PRODUCTS_DIR; };
		626AEB36267FA1CC0034C88C /* Baluchon2App.swift */ = {isa = PBXFileReference; lastKnownFileType = sourcecode.swift; path = Baluchon2App.swift; sourceTree = "<group>"; };
		626AEB3A267FA1CE0034C88C /* Assets.xcassets */ = {isa = PBXFileReference; lastKnownFileType = folder.assetcatalog; path = Assets.xcassets; sourceTree = "<group>"; };
		626AEB3D267FA1CE0034C88C /* Preview Assets.xcassets */ = {isa = PBXFileReference; lastKnownFileType = folder.assetcatalog; path = "Preview Assets.xcassets"; sourceTree = "<group>"; };
		626AEB44267FA1CE0034C88C /* Info.plist */ = {isa = PBXFileReference; lastKnownFileType = text.plist.xml; path = Info.plist; sourceTree = "<group>"; };
		626AEB49267FA1CE0034C88C /* Baluchon2Tests.xctest */ = {isa = PBXFileReference; explicitFileType = wrapper.cfbundle; includeInIndex = 0; path = Baluchon2Tests.xctest; sourceTree = BUILT_PRODUCTS_DIR; };
		626AEB54267FA1CE0034C88C /* Baluchon2UITests.xctest */ = {isa = PBXFileReference; explicitFileType = wrapper.cfbundle; includeInIndex = 0; path = Baluchon2UITests.xctest; sourceTree = BUILT_PRODUCTS_DIR; };
		626AEB67267FA2250034C88C /* DestinationView.swift */ = {isa = PBXFileReference; lastKnownFileType = sourcecode.swift; path = DestinationView.swift; sourceTree = "<group>"; };
		626AEB69267FA2870034C88C /* Destination.swift */ = {isa = PBXFileReference; lastKnownFileType = sourcecode.swift; path = Destination.swift; sourceTree = "<group>"; };
		626AEB6C267FA2CA0034C88C /* Currency.swift */ = {isa = PBXFileReference; lastKnownFileType = sourcecode.swift; path = Currency.swift; sourceTree = "<group>"; };
		626AEB6F267FA3E60034C88C /* CurrencyView.swift */ = {isa = PBXFileReference; lastKnownFileType = sourcecode.swift; name = CurrencyView.swift; path = Baluchon2/CurrencyView.swift; sourceTree = SOURCE_ROOT; };
		626AEB71267FA4090034C88C /* CurrencyViewModel.swift */ = {isa = PBXFileReference; lastKnownFileType = sourcecode.swift; name = CurrencyViewModel.swift; path = Baluchon2/Views/CurrencyViewModel.swift; sourceTree = SOURCE_ROOT; };
		626AEB73267FA45B0034C88C /* APIKeys.swift */ = {isa = PBXFileReference; lastKnownFileType = sourcecode.swift; name = APIKeys.swift; path = Baluchon2/APIKeys.swift; sourceTree = SOURCE_ROOT; };
/* End PBXFileReference section */

/* Begin PBXFrameworksBuildPhase section */
		626AEB30267FA1CC0034C88C /* Frameworks */ = {
			isa = PBXFrameworksBuildPhase;
			buildActionMask = 2147483647;
			files = (
			);
			runOnlyForDeploymentPostprocessing = 0;
		};
		626AEB46267FA1CE0034C88C /* Frameworks */ = {
			isa = PBXFrameworksBuildPhase;
			buildActionMask = 2147483647;
			files = (
			);
			runOnlyForDeploymentPostprocessing = 0;
		};
		626AEB51267FA1CE0034C88C /* Frameworks */ = {
			isa = PBXFrameworksBuildPhase;
			buildActionMask = 2147483647;
			files = (
			);
			runOnlyForDeploymentPostprocessing = 0;
		};
/* End PBXFrameworksBuildPhase section */

/* Begin PBXGroup section */
		621C5C2B268090DF00DCDB2C /* Extensions */ = {
			isa = PBXGroup;
			children = (
				621C5C2C2680913800DCDB2C /* HideKeyboard.swift */,
				621C5C29268090DB00DCDB2C /* Color.swift */,
			);
			path = Extensions;
			sourceTree = "<group>";
		};
		626AEB2A267FA1CC0034C88C = {
			isa = PBXGroup;
			children = (
				626AEB35267FA1CC0034C88C /* Baluchon2 */,
				626AEB34267FA1CC0034C88C /* Products */,
			);
			sourceTree = "<group>";
		};
		626AEB34267FA1CC0034C88C /* Products */ = {
			isa = PBXGroup;
			children = (
				626AEB33267FA1CC0034C88C /* Baluchon2.app */,
				626AEB49267FA1CE0034C88C /* Baluchon2Tests.xctest */,
				626AEB54267FA1CE0034C88C /* Baluchon2UITests.xctest */,
			);
			name = Products;
			sourceTree = "<group>";
		};
		626AEB35267FA1CC0034C88C /* Baluchon2 */ = {
			isa = PBXGroup;
			children = (
				626AEB36267FA1CC0034C88C /* Baluchon2App.swift */,
				626AEB73267FA45B0034C88C /* APIKeys.swift */,
				626AEB66267FA2000034C88C /* Views */,
				626AEB6B267FA28B0034C88C /* ViewModels */,
				626AEB6E267FA2DC0034C88C /* DataModels */,
				621C5C2B268090DF00DCDB2C /* Extensions */,
				626AEB3A267FA1CE0034C88C /* Assets.xcassets */,
				626AEB44267FA1CE0034C88C /* Info.plist */,
				626AEB3C267FA1CE0034C88C /* Preview Content */,
			);
			path = Baluchon2;
			sourceTree = "<group>";
		};
		626AEB3C267FA1CE0034C88C /* Preview Content */ = {
			isa = PBXGroup;
			children = (
				626AEB3D267FA1CE0034C88C /* Preview Assets.xcassets */,
			);
			path = "Preview Content";
			sourceTree = "<group>";
		};
		626AEB66267FA2000034C88C /* Views */ = {
			isa = PBXGroup;
			children = (
				621C5C2126808BD900DCDB2C /* WeatherView.swift */,
				621C5C2326808BF800DCDB2C /* WeatherBlock.swift */,
				626AEB67267FA2250034C88C /* DestinationView.swift */,
				621C5C1B2680861B00DCDB2C /* TranslationView.swift */,
				626AEB6F267FA3E60034C88C /* CurrencyView.swift */,
			);
			path = Views;
			sourceTree = "<group>";
		};
		626AEB6B267FA28B0034C88C /* ViewModels */ = {
			isa = PBXGroup;
			children = (
				621C5C2726808CB500DCDB2C /* WeatherViewModel.swift */,
				621C5C1D2680864800DCDB2C /* TranslationViewModel.swift */,
				626AEB71267FA4090034C88C /* CurrencyViewModel.swift */,
			);
			path = ViewModels;
			sourceTree = "<group>";
		};
		626AEB6E267FA2DC0034C88C /* DataModels */ = {
			isa = PBXGroup;
			children = (
				621C5C2526808C1800DCDB2C /* Weather.swift */,
				626AEB69267FA2870034C88C /* Destination.swift */,
				621C5C1F2680866700DCDB2C /* Translation.swift */,
				626AEB6C267FA2CA0034C88C /* Currency.swift */,
			);
			path = DataModels;
			sourceTree = "<group>";
		};
/* End PBXGroup section */

/* Begin PBXNativeTarget section */
		626AEB32267FA1CC0034C88C /* Baluchon2 */ = {
			isa = PBXNativeTarget;
			buildConfigurationList = 626AEB5D267FA1CE0034C88C /* Build configuration list for PBXNativeTarget "Baluchon2" */;
			buildPhases = (
				626AEB2F267FA1CC0034C88C /* Sources */,
				626AEB30267FA1CC0034C88C /* Frameworks */,
				626AEB31267FA1CC0034C88C /* Resources */,
			);
			buildRules = (
			);
			dependencies = (
			);
			name = Baluchon2;
			productName = Baluchon2;
			productReference = 626AEB33267FA1CC0034C88C /* Baluchon2.app */;
			productType = "com.apple.product-type.application";
		};
		626AEB48267FA1CE0034C88C /* Baluchon2Tests */ = {
			isa = PBXNativeTarget;
			buildConfigurationList = 626AEB60267FA1CE0034C88C /* Build configuration list for PBXNativeTarget "Baluchon2Tests" */;
			buildPhases = (
				626AEB45267FA1CE0034C88C /* Sources */,
				626AEB46267FA1CE0034C88C /* Frameworks */,
				626AEB47267FA1CE0034C88C /* Resources */,
			);
			buildRules = (
			);
			dependencies = (
				626AEB4B267FA1CE0034C88C /* PBXTargetDependency */,
			);
			name = Baluchon2Tests;
			productName = Baluchon2Tests;
			productReference = 626AEB49267FA1CE0034C88C /* Baluchon2Tests.xctest */;
			productType = "com.apple.product-type.bundle.unit-test";
		};
		626AEB53267FA1CE0034C88C /* Baluchon2UITests */ = {
			isa = PBXNativeTarget;
			buildConfigurationList = 626AEB63267FA1CE0034C88C /* Build configuration list for PBXNativeTarget "Baluchon2UITests" */;
			buildPhases = (
				626AEB50267FA1CE0034C88C /* Sources */,
				626AEB51267FA1CE0034C88C /* Frameworks */,
				626AEB52267FA1CE0034C88C /* Resources */,
			);
			buildRules = (
			);
			dependencies = (
				626AEB56267FA1CE0034C88C /* PBXTargetDependency */,
			);
			name = Baluchon2UITests;
			productName = Baluchon2UITests;
			productReference = 626AEB54267FA1CE0034C88C /* Baluchon2UITests.xctest */;
			productType = "com.apple.product-type.bundle.ui-testing";
		};
/* End PBXNativeTarget section */

/* Begin PBXProject section */
		626AEB2B267FA1CC0034C88C /* Project object */ = {
			isa = PBXProject;
			attributes = {
				LastSwiftUpdateCheck = 1250;
				LastUpgradeCheck = 1250;
				TargetAttributes = {
					626AEB32267FA1CC0034C88C = {
						CreatedOnToolsVersion = 12.5;
					};
					626AEB48267FA1CE0034C88C = {
						CreatedOnToolsVersion = 12.5;
						TestTargetID = 626AEB32267FA1CC0034C88C;
					};
					626AEB53267FA1CE0034C88C = {
						CreatedOnToolsVersion = 12.5;
						TestTargetID = 626AEB32267FA1CC0034C88C;
					};
				};
			};
			buildConfigurationList = 626AEB2E267FA1CC0034C88C /* Build configuration list for PBXProject "Baluchon2" */;
			compatibilityVersion = "Xcode 9.3";
			developmentRegion = en;
			hasScannedForEncodings = 0;
			knownRegions = (
				en,
				Base,
			);
			mainGroup = 626AEB2A267FA1CC0034C88C;
			productRefGroup = 626AEB34267FA1CC0034C88C /* Products */;
			projectDirPath = "";
			projectRoot = "";
			targets = (
				626AEB32267FA1CC0034C88C /* Baluchon2 */,
				626AEB48267FA1CE0034C88C /* Baluchon2Tests */,
				626AEB53267FA1CE0034C88C /* Baluchon2UITests */,
			);
		};
/* End PBXProject section */

/* Begin PBXResourcesBuildPhase section */
		626AEB31267FA1CC0034C88C /* Resources */ = {
			isa = PBXResourcesBuildPhase;
			buildActionMask = 2147483647;
			files = (
				626AEB3E267FA1CE0034C88C /* Preview Assets.xcassets in Resources */,
				626AEB3B267FA1CE0034C88C /* Assets.xcassets in Resources */,
			);
			runOnlyForDeploymentPostprocessing = 0;
		};
		626AEB47267FA1CE0034C88C /* Resources */ = {
			isa = PBXResourcesBuildPhase;
			buildActionMask = 2147483647;
			files = (
			);
			runOnlyForDeploymentPostprocessing = 0;
		};
		626AEB52267FA1CE0034C88C /* Resources */ = {
			isa = PBXResourcesBuildPhase;
			buildActionMask = 2147483647;
			files = (
			);
			runOnlyForDeploymentPostprocessing = 0;
		};
/* End PBXResourcesBuildPhase section */

/* Begin PBXSourcesBuildPhase section */
		626AEB2F267FA1CC0034C88C /* Sources */ = {
			isa = PBXSourcesBuildPhase;
			buildActionMask = 2147483647;
			files = (
				621C5C2226808BD900DCDB2C /* WeatherView.swift in Sources */,
				626AEB6A267FA2870034C88C /* Destination.swift in Sources */,
				626AEB70267FA3E60034C88C /* CurrencyView.swift in Sources */,
				621C5C2826808CB500DCDB2C /* WeatherViewModel.swift in Sources */,
				626AEB68267FA2250034C88C /* DestinationView.swift in Sources */,
				621C5C202680866700DCDB2C /* Translation.swift in Sources */,
				626AEB74267FA45B0034C88C /* APIKeys.swift in Sources */,
				626AEB6D267FA2CA0034C88C /* Currency.swift in Sources */,
				621C5C2D2680913800DCDB2C /* HideKeyboard.swift in Sources */,
				621C5C2A268090DB00DCDB2C /* Color.swift in Sources */,
				621C5C1E2680864800DCDB2C /* TranslationViewModel.swift in Sources */,
				621C5C2626808C1800DCDB2C /* Weather.swift in Sources */,
				621C5C2426808BF800DCDB2C /* WeatherBlock.swift in Sources */,
				621C5C1C2680861B00DCDB2C /* TranslationView.swift in Sources */,
				626AEB72267FA4090034C88C /* CurrencyViewModel.swift in Sources */,
				626AEB37267FA1CC0034C88C /* Baluchon2App.swift in Sources */,
			);
			runOnlyForDeploymentPostprocessing = 0;
		};
		626AEB45267FA1CE0034C88C /* Sources */ = {
			isa = PBXSourcesBuildPhase;
			buildActionMask = 2147483647;
			files = (
			);
			runOnlyForDeploymentPostprocessing = 0;
		};
		626AEB50267FA1CE0034C88C /* Sources */ = {
			isa = PBXSourcesBuildPhase;
			buildActionMask = 2147483647;
			files = (
			);
			runOnlyForDeploymentPostprocessing = 0;
		};
/* End PBXSourcesBuildPhase section */

/* Begin PBXTargetDependency section */
		626AEB4B267FA1CE0034C88C /* PBXTargetDependency */ = {
			isa = PBXTargetDependency;
			target = 626AEB32267FA1CC0034C88C /* Baluchon2 */;
			targetProxy = 626AEB4A267FA1CE0034C88C /* PBXContainerItemProxy */;
		};
		626AEB56267FA1CE0034C88C /* PBXTargetDependency */ = {
			isa = PBXTargetDependency;
			target = 626AEB32267FA1CC0034C88C /* Baluchon2 */;
			targetProxy = 626AEB55267FA1CE0034C88C /* PBXContainerItemProxy */;
		};
/* End PBXTargetDependency section */

/* Begin XCBuildConfiguration section */
		626AEB5B267FA1CE0034C88C /* Debug */ = {
			isa = XCBuildConfiguration;
			buildSettings = {
				ALWAYS_SEARCH_USER_PATHS = NO;
				CLANG_ANALYZER_NONNULL = YES;
				CLANG_ANALYZER_NUMBER_OBJECT_CONVERSION = YES_AGGRESSIVE;
				CLANG_CXX_LANGUAGE_STANDARD = "gnu++14";
				CLANG_CXX_LIBRARY = "libc++";
				CLANG_ENABLE_MODULES = YES;
				CLANG_ENABLE_OBJC_ARC = YES;
				CLANG_ENABLE_OBJC_WEAK = YES;
				CLANG_WARN_BLOCK_CAPTURE_AUTORELEASING = YES;
				CLANG_WARN_BOOL_CONVERSION = YES;
				CLANG_WARN_COMMA = YES;
				CLANG_WARN_CONSTANT_CONVERSION = YES;
				CLANG_WARN_DEPRECATED_OBJC_IMPLEMENTATIONS = YES;
				CLANG_WARN_DIRECT_OBJC_ISA_USAGE = YES_ERROR;
				CLANG_WARN_DOCUMENTATION_COMMENTS = YES;
				CLANG_WARN_EMPTY_BODY = YES;
				CLANG_WARN_ENUM_CONVERSION = YES;
				CLANG_WARN_INFINITE_RECURSION = YES;
				CLANG_WARN_INT_CONVERSION = YES;
				CLANG_WARN_NON_LITERAL_NULL_CONVERSION = YES;
				CLANG_WARN_OBJC_IMPLICIT_RETAIN_SELF = YES;
				CLANG_WARN_OBJC_LITERAL_CONVERSION = YES;
				CLANG_WARN_OBJC_ROOT_CLASS = YES_ERROR;
				CLANG_WARN_QUOTED_INCLUDE_IN_FRAMEWORK_HEADER = YES;
				CLANG_WARN_RANGE_LOOP_ANALYSIS = YES;
				CLANG_WARN_STRICT_PROTOTYPES = YES;
				CLANG_WARN_SUSPICIOUS_MOVE = YES;
				CLANG_WARN_UNGUARDED_AVAILABILITY = YES_AGGRESSIVE;
				CLANG_WARN_UNREACHABLE_CODE = YES;
				CLANG_WARN__DUPLICATE_METHOD_MATCH = YES;
				COPY_PHASE_STRIP = NO;
				DEBUG_INFORMATION_FORMAT = dwarf;
				ENABLE_STRICT_OBJC_MSGSEND = YES;
				ENABLE_TESTABILITY = YES;
				GCC_C_LANGUAGE_STANDARD = gnu11;
				GCC_DYNAMIC_NO_PIC = NO;
				GCC_NO_COMMON_BLOCKS = YES;
				GCC_OPTIMIZATION_LEVEL = 0;
				GCC_PREPROCESSOR_DEFINITIONS = (
					"DEBUG=1",
					"$(inherited)",
				);
				GCC_WARN_64_TO_32_BIT_CONVERSION = YES;
				GCC_WARN_ABOUT_RETURN_TYPE = YES_ERROR;
				GCC_WARN_UNDECLARED_SELECTOR = YES;
				GCC_WARN_UNINITIALIZED_AUTOS = YES_AGGRESSIVE;
				GCC_WARN_UNUSED_FUNCTION = YES;
				GCC_WARN_UNUSED_VARIABLE = YES;
				IPHONEOS_DEPLOYMENT_TARGET = 14.5;
				MTL_ENABLE_DEBUG_INFO = INCLUDE_SOURCE;
				MTL_FAST_MATH = YES;
				ONLY_ACTIVE_ARCH = YES;
				SDKROOT = iphoneos;
				SWIFT_ACTIVE_COMPILATION_CONDITIONS = DEBUG;
				SWIFT_OPTIMIZATION_LEVEL = "-Onone";
			};
			name = Debug;
		};
		626AEB5C267FA1CE0034C88C /* Release */ = {
			isa = XCBuildConfiguration;
			buildSettings = {
				ALWAYS_SEARCH_USER_PATHS = NO;
				CLANG_ANALYZER_NONNULL = YES;
				CLANG_ANALYZER_NUMBER_OBJECT_CONVERSION = YES_AGGRESSIVE;
				CLANG_CXX_LANGUAGE_STANDARD = "gnu++14";
				CLANG_CXX_LIBRARY = "libc++";
				CLANG_ENABLE_MODULES = YES;
				CLANG_ENABLE_OBJC_ARC = YES;
				CLANG_ENABLE_OBJC_WEAK = YES;
				CLANG_WARN_BLOCK_CAPTURE_AUTORELEASING = YES;
				CLANG_WARN_BOOL_CONVERSION = YES;
				CLANG_WARN_COMMA = YES;
				CLANG_WARN_CONSTANT_CONVERSION = YES;
				CLANG_WARN_DEPRECATED_OBJC_IMPLEMENTATIONS = YES;
				CLANG_WARN_DIRECT_OBJC_ISA_USAGE = YES_ERROR;
				CLANG_WARN_DOCUMENTATION_COMMENTS = YES;
				CLANG_WARN_EMPTY_BODY = YES;
				CLANG_WARN_ENUM_CONVERSION = YES;
				CLANG_WARN_INFINITE_RECURSION = YES;
				CLANG_WARN_INT_CONVERSION = YES;
				CLANG_WARN_NON_LITERAL_NULL_CONVERSION = YES;
				CLANG_WARN_OBJC_IMPLICIT_RETAIN_SELF = YES;
				CLANG_WARN_OBJC_LITERAL_CONVERSION = YES;
				CLANG_WARN_OBJC_ROOT_CLASS = YES_ERROR;
				CLANG_WARN_QUOTED_INCLUDE_IN_FRAMEWORK_HEADER = YES;
				CLANG_WARN_RANGE_LOOP_ANALYSIS = YES;
				CLANG_WARN_STRICT_PROTOTYPES = YES;
				CLANG_WARN_SUSPICIOUS_MOVE = YES;
				CLANG_WARN_UNGUARDED_AVAILABILITY = YES_AGGRESSIVE;
				CLANG_WARN_UNREACHABLE_CODE = YES;
				CLANG_WARN__DUPLICATE_METHOD_MATCH = YES;
				COPY_PHASE_STRIP = NO;
				DEBUG_INFORMATION_FORMAT = "dwarf-with-dsym";
				ENABLE_NS_ASSERTIONS = NO;
				ENABLE_STRICT_OBJC_MSGSEND = YES;
				GCC_C_LANGUAGE_STANDARD = gnu11;
				GCC_NO_COMMON_BLOCKS = YES;
				GCC_WARN_64_TO_32_BIT_CONVERSION = YES;
				GCC_WARN_ABOUT_RETURN_TYPE = YES_ERROR;
				GCC_WARN_UNDECLARED_SELECTOR = YES;
				GCC_WARN_UNINITIALIZED_AUTOS = YES_AGGRESSIVE;
				GCC_WARN_UNUSED_FUNCTION = YES;
				GCC_WARN_UNUSED_VARIABLE = YES;
				IPHONEOS_DEPLOYMENT_TARGET = 14.5;
				MTL_ENABLE_DEBUG_INFO = NO;
				MTL_FAST_MATH = YES;
				SDKROOT = iphoneos;
				SWIFT_COMPILATION_MODE = wholemodule;
				SWIFT_OPTIMIZATION_LEVEL = "-O";
				VALIDATE_PRODUCT = YES;
			};
			name = Release;
		};
		626AEB5E267FA1CE0034C88C /* Debug */ = {
			isa = XCBuildConfiguration;
			buildSettings = {
				ASSETCATALOG_COMPILER_APPICON_NAME = AppIcon;
				ASSETCATALOG_COMPILER_GLOBAL_ACCENT_COLOR_NAME = AccentColor;
				CODE_SIGN_STYLE = Automatic;
				DEVELOPMENT_ASSET_PATHS = "\"Baluchon2/Preview Content\"";
				DEVELOPMENT_TEAM = 2T8KN29479;
				ENABLE_PREVIEWS = YES;
				INFOPLIST_FILE = Baluchon2/Info.plist;
				IPHONEOS_DEPLOYMENT_TARGET = 14.0;
				LD_RUNPATH_SEARCH_PATHS = (
					"$(inherited)",
					"@executable_path/Frameworks",
				);
				PRODUCT_BUNDLE_IDENTIFIER = hquart.Baluchon2;
				PRODUCT_NAME = "$(TARGET_NAME)";
				SWIFT_VERSION = 5.0;
				TARGETED_DEVICE_FAMILY = 1;
			};
			name = Debug;
		};
		626AEB5F267FA1CE0034C88C /* Release */ = {
			isa = XCBuildConfiguration;
			buildSettings = {
				ASSETCATALOG_COMPILER_APPICON_NAME = AppIcon;
				ASSETCATALOG_COMPILER_GLOBAL_ACCENT_COLOR_NAME = AccentColor;
				CODE_SIGN_STYLE = Automatic;
				DEVELOPMENT_ASSET_PATHS = "\"Baluchon2/Preview Content\"";
				DEVELOPMENT_TEAM = 2T8KN29479;
				ENABLE_PREVIEWS = YES;
				INFOPLIST_FILE = Baluchon2/Info.plist;
				IPHONEOS_DEPLOYMENT_TARGET = 14.0;
				LD_RUNPATH_SEARCH_PATHS = (
					"$(inherited)",
					"@executable_path/Frameworks",
				);
				PRODUCT_BUNDLE_IDENTIFIER = hquart.Baluchon2;
				PRODUCT_NAME = "$(TARGET_NAME)";
				SWIFT_VERSION = 5.0;
				TARGETED_DEVICE_FAMILY = 1;
			};
			name = Release;
		};
		626AEB61267FA1CE0034C88C /* Debug */ = {
			isa = XCBuildConfiguration;
			buildSettings = {
				ALWAYS_EMBED_SWIFT_STANDARD_LIBRARIES = YES;
				BUNDLE_LOADER = "$(TEST_HOST)";
				CODE_SIGN_STYLE = Automatic;
				DEVELOPMENT_TEAM = 2T8KN29479;
				INFOPLIST_FILE = Baluchon2Tests/Info.plist;
				IPHONEOS_DEPLOYMENT_TARGET = 14.0;
				LD_RUNPATH_SEARCH_PATHS = (
					"$(inherited)",
					"@executable_path/Frameworks",
					"@loader_path/Frameworks",
				);
				PRODUCT_BUNDLE_IDENTIFIER = hquart.Baluchon2Tests;
				PRODUCT_NAME = "$(TARGET_NAME)";
				SWIFT_VERSION = 5.0;
				TARGETED_DEVICE_FAMILY = "1,2";
				TEST_HOST = "$(BUILT_PRODUCTS_DIR)/Baluchon2.app/Baluchon2";
			};
			name = Debug;
		};
		626AEB62267FA1CE0034C88C /* Release */ = {
			isa = XCBuildConfiguration;
			buildSettings = {
				ALWAYS_EMBED_SWIFT_STANDARD_LIBRARIES = YES;
				BUNDLE_LOADER = "$(TEST_HOST)";
				CODE_SIGN_STYLE = Automatic;
				DEVELOPMENT_TEAM = 2T8KN29479;
				INFOPLIST_FILE = Baluchon2Tests/Info.plist;
				IPHONEOS_DEPLOYMENT_TARGET = 14.0;
				LD_RUNPATH_SEARCH_PATHS = (
					"$(inherited)",
					"@executable_path/Frameworks",
					"@loader_path/Frameworks",
				);
				PRODUCT_BUNDLE_IDENTIFIER = hquart.Baluchon2Tests;
				PRODUCT_NAME = "$(TARGET_NAME)";
				SWIFT_VERSION = 5.0;
				TARGETED_DEVICE_FAMILY = "1,2";
				TEST_HOST = "$(BUILT_PRODUCTS_DIR)/Baluchon2.app/Baluchon2";
			};
			name = Release;
		};
		626AEB64267FA1CE0034C88C /* Debug */ = {
			isa = XCBuildConfiguration;
			buildSettings = {
				ALWAYS_EMBED_SWIFT_STANDARD_LIBRARIES = YES;
				CODE_SIGN_STYLE = Automatic;
				DEVELOPMENT_TEAM = 2T8KN29479;
				INFOPLIST_FILE = Baluchon2UITests/Info.plist;
				LD_RUNPATH_SEARCH_PATHS = (
					"$(inherited)",
					"@executable_path/Frameworks",
					"@loader_path/Frameworks",
				);
				PRODUCT_BUNDLE_IDENTIFIER = hquart.Baluchon2UITests;
				PRODUCT_NAME = "$(TARGET_NAME)";
				SWIFT_VERSION = 5.0;
				TARGETED_DEVICE_FAMILY = "1,2";
				TEST_TARGET_NAME = Baluchon2;
			};
			name = Debug;
		};
		626AEB65267FA1CE0034C88C /* Release */ = {
			isa = XCBuildConfiguration;
			buildSettings = {
				ALWAYS_EMBED_SWIFT_STANDARD_LIBRARIES = YES;
				CODE_SIGN_STYLE = Automatic;
				DEVELOPMENT_TEAM = 2T8KN29479;
				INFOPLIST_FILE = Baluchon2UITests/Info.plist;
				LD_RUNPATH_SEARCH_PATHS = (
					"$(inherited)",
					"@executable_path/Frameworks",
					"@loader_path/Frameworks",
				);
				PRODUCT_BUNDLE_IDENTIFIER = hquart.Baluchon2UITests;
				PRODUCT_NAME = "$(TARGET_NAME)";
				SWIFT_VERSION = 5.0;
				TARGETED_DEVICE_FAMILY = "1,2";
				TEST_TARGET_NAME = Baluchon2;
			};
			name = Release;
		};
/* End XCBuildConfiguration section */

/* Begin XCConfigurationList section */
		626AEB2E267FA1CC0034C88C /* Build configuration list for PBXProject "Baluchon2" */ = {
			isa = XCConfigurationList;
			buildConfigurations = (
				626AEB5B267FA1CE0034C88C /* Debug */,
				626AEB5C267FA1CE0034C88C /* Release */,
			);
			defaultConfigurationIsVisible = 0;
			defaultConfigurationName = Release;
		};
		626AEB5D267FA1CE0034C88C /* Build configuration list for PBXNativeTarget "Baluchon2" */ = {
			isa = XCConfigurationList;
			buildConfigurations = (
				626AEB5E267FA1CE0034C88C /* Debug */,
				626AEB5F267FA1CE0034C88C /* Release */,
			);
			defaultConfigurationIsVisible = 0;
			defaultConfigurationName = Release;
		};
		626AEB60267FA1CE0034C88C /* Build configuration list for PBXNativeTarget "Baluchon2Tests" */ = {
			isa = XCConfigurationList;
			buildConfigurations = (
				626AEB61267FA1CE0034C88C /* Debug */,
				626AEB62267FA1CE0034C88C /* Release */,
			);
			defaultConfigurationIsVisible = 0;
			defaultConfigurationName = Release;
		};
		626AEB63267FA1CE0034C88C /* Build configuration list for PBXNativeTarget "Baluchon2UITests" */ = {
			isa = XCConfigurationList;
			buildConfigurations = (
				626AEB64267FA1CE0034C88C /* Debug */,
				626AEB65267FA1CE0034C88C /* Release */,
			);
			defaultConfigurationIsVisible = 0;
			defaultConfigurationName = Release;
		};
/* End XCConfigurationList section */
	};
	rootObject = 626AEB2B267FA1CC0034C88C /* Project object */;
}
